// !$*UTF8*$!
{
	archiveVersion = 1;
	classes = {
	};
	objectVersion = 77;
	objects = {

/* Begin PBXAggregateTarget section */
		630CC3D62FB4A5670056D9FA /* VoxaXCFramework */ = {
			isa = PBXAggregateTarget;
			buildConfigurationList = 630CC3D72FB4A5670056D9FA /* Build configuration list for PBXAggregateTarget "VoxaXCFramework" */;
			buildPhases = (
				630CC3EA2FB4A5700056D9FA /* ShellScript */,
			);
			dependencies = (
			);
			name = VoxaXCFramework;
			packageProductDependencies = (
			);
			productName = VoxaXCFramework;
		};
/* End PBXAggregateTarget section */

/* Begin PBXBuildFile section */
		630CC3702FB4A50F0056D9FA /* VoxaSDK.framework in Frameworks */ = {isa = PBXBuildFile; fileRef = 630CC36A2FB4A50F0056D9FA /* VoxaSDK.framework */; };
		630CC3712FB4A50F0056D9FA /* VoxaSDK.framework in Embed Frameworks */ = {isa = PBXBuildFile; fileRef = 630CC36A2FB4A50F0056D9FA /* VoxaSDK.framework */; settings = {ATTRIBUTES = (CodeSignOnCopy, RemoveHeadersOnCopy, ); }; };
/* End PBXBuildFile section */

/* Begin PBXContainerItemProxy section */
		630CC36E2FB4A50F0056D9FA /* PBXContainerItemProxy */ = {
			isa = PBXContainerItemProxy;
			containerPortal = 630CC33F2FB4A4E50056D9FA /* Project object */;
			proxyType = 1;
			remoteGlobalIDString = 630CC3692FB4A50F0056D9FA;
			remoteInfo = VoxaSDK;
		};
/* End PBXContainerItemProxy section */

/* Begin PBXCopyFilesBuildPhase section */
		630CC3722FB4A50F0056D9FA /* Embed Frameworks */ = {
			isa = PBXCopyFilesBuildPhase;
			buildActionMask = 2147483647;
			dstPath = "";
			dstSubfolderSpec = 10;
			files = (
				630CC3712FB4A50F0056D9FA /* VoxaSDK.framework in Embed Frameworks */,
			);
			name = "Embed Frameworks";
			runOnlyForDeploymentPostprocessing = 0;
		};
/* End PBXCopyFilesBuildPhase section */

/* Begin PBXFileReference section */
		630CC3472FB4A4E50056D9FA /* Voxa.app */ = {isa = PBXFileReference; explicitFileType = wrapper.application; includeInIndex = 0; path = Voxa.app; sourceTree = BUILT_PRODUCTS_DIR; };
		630CC36A2FB4A50F0056D9FA /* VoxaSDK.framework */ = {isa = PBXFileReference; explicitFileType = wrapper.framework; includeInIndex = 0; path = VoxaSDK.framework; sourceTree = BUILT_PRODUCTS_DIR; };
/* End PBXFileReference section */

/* Begin PBXFileSystemSynchronizedRootGroup section */
		630CC3492FB4A4E50056D9FA /* Voxa */ = {
			isa = PBXFileSystemSynchronizedRootGroup;
			path = Voxa;
			sourceTree = "<group>";
		};
		630CC36B2FB4A50F0056D9FA /* VoxaSDK */ = {
			isa = PBXFileSystemSynchronizedRootGroup;
			path = VoxaSDK;
			sourceTree = "<group>";
		};
/* End PBXFileSystemSynchronizedRootGroup section */

/* Begin PBXFrameworksBuildPhase section */
		630CC3442FB4A4E50056D9FA /* Frameworks */ = {
			isa = PBXFrameworksBuildPhase;
			buildActionMask = 2147483647;
			files = (
				630CC3702FB4A50F0056D9FA /* VoxaSDK.framework in Frameworks */,
			);
			runOnlyForDeploymentPostprocessing = 0;
		};
		630CC3672FB4A50F0056D9FA /* Frameworks */ = {
			isa = PBXFrameworksBuildPhase;
			buildActionMask = 2147483647;
			files = (
			);
			runOnlyForDeploymentPostprocessing = 0;
		};
/* End PBXFrameworksBuildPhase section */

/* Begin PBXGroup section */
		630CC33E2FB4A4E50056D9FA = {
			isa = PBXGroup;
			children = (
				630CC3492FB4A4E50056D9FA /* Voxa */,
				630CC36B2FB4A50F0056D9FA /* VoxaSDK */,
				630CC3482FB4A4E50056D9FA /* Products */,
			);
			sourceTree = "<group>";
		};
		630CC3482FB4A4E50056D9FA /* Products */ = {
			isa = PBXGroup;
			children = (
				630CC3472FB4A4E50056D9FA /* Voxa.app */,
				630CC36A2FB4A50F0056D9FA /* VoxaSDK.framework */,
			);
			name = Products;
			sourceTree = "<group>";
		};
/* End PBXGroup section */

/* Begin PBXHeadersBuildPhase section */
		630CC3652FB4A50F0056D9FA /* Headers */ = {
			isa = PBXHeadersBuildPhase;
			buildActionMask = 2147483647;
			files = (
			);
			runOnlyForDeploymentPostprocessing = 0;
		};
/* End PBXHeadersBuildPhase section */

/* Begin PBXNativeTarget section */
		630CC3462FB4A4E50056D9FA /* Voxa */ = {
			isa = PBXNativeTarget;
			buildConfigurationList = 630CC3572FB4A4E60056D9FA /* Build configuration list for PBXNativeTarget "Voxa" */;
			buildPhases = (
				630CC3432FB4A4E50056D9FA /* Sources */,
				630CC3442FB4A4E50056D9FA /* Frameworks */,
				630CC3452FB4A4E50056D9FA /* Resources */,
				630CC3722FB4A50F0056D9FA /* Embed Frameworks */,
			);
			buildRules = (
			);
			dependencies = (
				630CC36F2FB4A50F0056D9FA /* PBXTargetDependency */,
			);
			fileSystemSynchronizedGroups = (
				630CC3492FB4A4E50056D9FA /* Voxa */,
			);
			name = Voxa;
			packageProductDependencies = (
			);
			productName = Voxa;
			productReference = 630CC3472FB4A4E50056D9FA /* Voxa.app */;
			productType = "com.apple.product-type.application";
		};
		630CC3692FB4A50F0056D9FA /* VoxaSDK */ = {
			isa = PBXNativeTarget;
			buildConfigurationList = 630CC3752FB4A50F0056D9FA /* Build configuration list for PBXNativeTarget "VoxaSDK" */;
			buildPhases = (
				630CC3652FB4A50F0056D9FA /* Headers */,
				630CC3662FB4A50F0056D9FA /* Sources */,
				630CC3672FB4A50F0056D9FA /* Frameworks */,
				630CC3682FB4A50F0056D9FA /* Resources */,
			);
			buildRules = (
			);
			dependencies = (
			);
			fileSystemSynchronizedGroups = (
				630CC36B2FB4A50F0056D9FA /* VoxaSDK */,
			);
			name = VoxaSDK;
			packageProductDependencies = (
			);
			productName = VoxaSDK;
			productReference = 630CC36A2FB4A50F0056D9FA /* VoxaSDK.framework */;
			productType = "com.apple.product-type.framework";
		};
/* End PBXNativeTarget section */

/* Begin PBXProject section */
		630CC33F2FB4A4E50056D9FA /* Project object */ = {
			isa = PBXProject;
			attributes = {
				BuildIndependentTargetsInParallel = 1;
				LastSwiftUpdateCheck = 2630;
				LastUpgradeCheck = 2630;
				TargetAttributes = {
					630CC3462FB4A4E50056D9FA = {
						CreatedOnToolsVersion = 26.3;
					};
					630CC3692FB4A50F0056D9FA = {
						CreatedOnToolsVersion = 26.3;
					};
					630CC3D62FB4A5670056D9FA = {
						CreatedOnToolsVersion = 26.3;
					};
				};
			};
			buildConfigurationList = 630CC3422FB4A4E50056D9FA /* Build configuration list for PBXProject "Voxa" */;
			developmentRegion = en;
			hasScannedForEncodings = 0;
			knownRegions = (
				en,
				Base,
			);
			mainGroup = 630CC33E2FB4A4E50056D9FA;
			minimizedProjectReferenceProxies = 1;
			preferredProjectObjectVersion = 77;
			productRefGroup = 630CC3482FB4A4E50056D9FA /* Products */;
			projectDirPath = "";
			projectRoot = "";
			targets = (
				630CC3462FB4A4E50056D9FA /* Voxa */,
				630CC3692FB4A50F0056D9FA /* VoxaSDK */,
				630CC3D62FB4A5670056D9FA /* VoxaXCFramework */,
			);
		};
/* End PBXProject section */

/* Begin PBXResourcesBuildPhase section */
		630CC3452FB4A4E50056D9FA /* Resources */ = {
			isa = PBXResourcesBuildPhase;
			buildActionMask = 2147483647;
			files = (
			);
			runOnlyForDeploymentPostprocessing = 0;
		};
		630CC3682FB4A50F0056D9FA /* Resources */ = {
			isa = PBXResourcesBuildPhase;
			buildActionMask = 2147483647;
			files = (
			);
			runOnlyForDeploymentPostprocessing = 0;
		};
/* End PBXResourcesBuildPhase section */

/* Begin PBXShellScriptBuildPhase section */
		630CC3EA2FB4A5700056D9FA /* ShellScript */ = {
			isa = PBXShellScriptBuildPhase;
			alwaysOutOfDate = 1;
			buildActionMask = 2147483647;
			files = (
			);
			inputFileListPaths = (
			);
			inputPaths = (
			);
			outputFileListPaths = (
			);
			outputPaths = (
			);
			runOnlyForDeploymentPostprocessing = 0;
			shellPath = /bin/sh;
			shellScript = "\n#!/bin/bash\nset -euo pipefail\n\nPROJECT=\"$SRCROOT/Voxa.xcodeproj\"\nMAC_SCHEME=\"VoxaSDK\"\nMAC_FRAMEWORK_NAME=\"VoxaSDK\"\n\nOUTPUT_DIR=\"$SRCROOT/output\"\nROOT_XCFRAMEWORK_PATH=\"$SRCROOT/Voxa.xcframework\"\n\nrm -rf \"$OUTPUT_DIR\"\nmkdir -p \"$OUTPUT_DIR\"\nrm -rf \"$ROOT_XCFRAMEWORK_PATH\"\n\necho \"Archiving macOS framework...\"\nxcodebuild archive \\\n  -project \"$PROJECT\" \\\n  -scheme \"$MAC_SCHEME\" \\\n  -destination \"generic/platform=macOS\" \\\n  -archivePath \"$OUTPUT_DIR/${MAC_FRAMEWORK_NAME}-macOS\" \\\n  SKIP_INSTALL=NO \\\n  BUILD_LIBRARY_FOR_DISTRIBUTION=YES\n\necho \"Creating XCFramework...\"\n\nxcodebuild -create-xcframework \\\n  -framework \"$OUTPUT_DIR/${MAC_FRAMEWORK_NAME}-macOS.xcarchive/Products/Library/Frameworks/${MAC_FRAMEWORK_NAME}.framework\" \\\n  -debug-symbols \"$OUTPUT_DIR/${MAC_FRAMEWORK_NAME}-macOS.xcarchive/dSYMs/${MAC_FRAMEWORK_NAME}.framework.dSYM\" \\\n  -output \"$ROOT_XCFRAMEWORK_PATH\"\n\necho \"XCFramework created: $ROOT_XCFRAMEWORK_PATH\"\n\n";
		};
/* End PBXShellScriptBuildPhase section */

/* Begin PBXSourcesBuildPhase section */
		630CC3432FB4A4E50056D9FA /* Sources */ = {
			isa = PBXSourcesBuildPhase;
			buildActionMask = 2147483647;
			files = (
			);
			runOnlyForDeploymentPostprocessing = 0;
		};
		630CC3662FB4A50F0056D9FA /* Sources */ = {
			isa = PBXSourcesBuildPhase;
			buildActionMask = 2147483647;
			files = (
			);
			runOnlyForDeploymentPostprocessing = 0;
		};
/* End PBXSourcesBuildPhase section */

/* Begin PBXTargetDependency section */
		630CC36F2FB4A50F0056D9FA /* PBXTargetDependency */ = {
			isa = PBXTargetDependency;
			target = 630CC3692FB4A50F0056D9FA /* VoxaSDK */;
			targetProxy = 630CC36E2FB4A50F0056D9FA /* PBXContainerItemProxy */;
		};
/* End PBXTargetDependency section */

/* Begin XCBuildConfiguration section */
		630CC3552FB4A4E60056D9FA /* Debug */ = {
			isa = XCBuildConfiguration;
			buildSettings = {
				ALWAYS_SEARCH_USER_PATHS = NO;
				ASSETCATALOG_COMPILER_GENERATE_SWIFT_ASSET_SYMBOL_EXTENSIONS = YES;
				CLANG_ANALYZER_NONNULL = YES;
				CLANG_ANALYZER_NUMBER_OBJECT_CONVERSION = YES_AGGRESSIVE;
				CLANG_CXX_LANGUAGE_STANDARD = "gnu++20";
				CLANG_ENABLE_MODULES = YES;
				CLANG_ENABLE_OBJC_ARC = YES;
				CLANG_ENABLE_OBJC_WEAK = YES;
				CLANG_WARN_BLOCK_CAPTURE_AUTORELEASING = YES;
				CLANG_WARN_BOOL_CONVERSION = YES;
				CLANG_WARN_COMMA = YES;
				CLANG_WARN_CONSTANT_CONVERSION = YES;
				CLANG_WARN_DEPRECATED_OBJC_IMPLEMENTATIONS = YES;
				CLANG_WARN_DIRECT_OBJC_ISA_USAGE = YES_ERROR;
				CLANG_WARN_DOCUMENTATION_COMMENTS = YES;
				CLANG_WARN_EMPTY_BODY = YES;
				CLANG_WARN_ENUM_CONVERSION = YES;
				CLANG_WARN_INFINITE_RECURSION = YES;
				CLANG_WARN_INT_CONVERSION = YES;
				CLANG_WARN_NON_LITERAL_NULL_CONVERSION = YES;
				CLANG_WARN_OBJC_IMPLICIT_RETAIN_SELF = YES;
				CLANG_WARN_OBJC_LITERAL_CONVERSION = YES;
				CLANG_WARN_OBJC_ROOT_CLASS = YES_ERROR;
				CLANG_WARN_QUOTED_INCLUDE_IN_FRAMEWORK_HEADER = YES;
				CLANG_WARN_RANGE_LOOP_ANALYSIS = YES;
				CLANG_WARN_STRICT_PROTOTYPES = YES;
				CLANG_WARN_SUSPICIOUS_MOVE = YES;
				CLANG_WARN_UNGUARDED_AVAILABILITY = YES_AGGRESSIVE;
				CLANG_WARN_UNREACHABLE_CODE = YES;
				CLANG_WARN__DUPLICATE_METHOD_MATCH = YES;
				COPY_PHASE_STRIP = NO;
				DEBUG_INFORMATION_FORMAT = dwarf;
				DEVELOPMENT_TEAM = QY62MB82LM;
				ENABLE_STRICT_OBJC_MSGSEND = YES;
				ENABLE_TESTABILITY = YES;
				ENABLE_USER_SCRIPT_SANDBOXING = YES;
				GCC_C_LANGUAGE_STANDARD = gnu17;
				GCC_DYNAMIC_NO_PIC = NO;
				GCC_NO_COMMON_BLOCKS = YES;
				GCC_OPTIMIZATION_LEVEL = 0;
				GCC_PREPROCESSOR_DEFINITIONS = (
					"DEBUG=1",
					"$(inherited)",
				);
				GCC_WARN_64_TO_32_BIT_CONVERSION = YES;
				GCC_WARN_ABOUT_RETURN_TYPE = YES_ERROR;
				GCC_WARN_UNDECLARED_SELECTOR = YES;
				GCC_WARN_UNINITIALIZED_AUTOS = YES_AGGRESSIVE;
				GCC_WARN_UNUSED_FUNCTION = YES;
				GCC_WARN_UNUSED_VARIABLE = YES;
				LOCALIZATION_PREFERS_STRING_CATALOGS = YES;
				MACOSX_DEPLOYMENT_TARGET = 15.7;
				MTL_ENABLE_DEBUG_INFO = INCLUDE_SOURCE;
				MTL_FAST_MATH = YES;
				ONLY_ACTIVE_ARCH = YES;
				SDKROOT = macosx;
				SWIFT_ACTIVE_COMPILATION_CONDITIONS = "DEBUG $(inherited)";
				SWIFT_OPTIMIZATION_LEVEL = "-Onone";
			};
			name = Debug;
		};
		630CC3562FB4A4E60056D9FA /* Release */ = {
			isa = XCBuildConfiguration;
			buildSettings = {
				ALWAYS_SEARCH_USER_PATHS = NO;
				ASSETCATALOG_COMPILER_GENERATE_SWIFT_ASSET_SYMBOL_EXTENSIONS = YES;
				CLANG_ANALYZER_NONNULL = YES;
				CLANG_ANALYZER_NUMBER_OBJECT_CONVERSION = YES_AGGRESSIVE;
				CLANG_CXX_LANGUAGE_STANDARD = "gnu++20";
				CLANG_ENABLE_MODULES = YES;
				CLANG_ENABLE_OBJC_ARC = YES;
				CLANG_ENABLE_OBJC_WEAK = YES;
				CLANG_WARN_BLOCK_CAPTURE_AUTORELEASING = YES;
				CLANG_WARN_BOOL_CONVERSION = YES;
				CLANG_WARN_COMMA = YES;
				CLANG_WARN_CONSTANT_CONVERSION = YES;
				CLANG_WARN_DEPRECATED_OBJC_IMPLEMENTATIONS = YES;
				CLANG_WARN_DIRECT_OBJC_ISA_USAGE = YES_ERROR;
				CLANG_WARN_DOCUMENTATION_COMMENTS = YES;
				CLANG_WARN_EMPTY_BODY = YES;
				CLANG_WARN_ENUM_CONVERSION = YES;
				CLANG_WARN_INFINITE_RECURSION = YES;
				CLANG_WARN_INT_CONVERSION = YES;
				CLANG_WARN_NON_LITERAL_NULL_CONVERSION = YES;
				CLANG_WARN_OBJC_IMPLICIT_RETAIN_SELF = YES;
				CLANG_WARN_OBJC_LITERAL_CONVERSION = YES;
				CLANG_WARN_OBJC_ROOT_CLASS = YES_ERROR;
				CLANG_WARN_QUOTED_INCLUDE_IN_FRAMEWORK_HEADER = YES;
				CLANG_WARN_RANGE_LOOP_ANALYSIS = YES;
				CLANG_WARN_STRICT_PROTOTYPES = YES;
				CLANG_WARN_SUSPICIOUS_MOVE = YES;
				CLANG_WARN_UNGUARDED_AVAILABILITY = YES_AGGRESSIVE;
				CLANG_WARN_UNREACHABLE_CODE = YES;
				CLANG_WARN__DUPLICATE_METHOD_MATCH = YES;
				COPY_PHASE_STRIP = NO;
				DEBUG_INFORMATION_FORMAT = "dwarf-with-dsym";
				DEVELOPMENT_TEAM = QY62MB82LM;
				ENABLE_NS_ASSERTIONS = NO;
				ENABLE_STRICT_OBJC_MSGSEND = YES;
				ENABLE_USER_SCRIPT_SANDBOXING = YES;
				GCC_C_LANGUAGE_STANDARD = gnu17;
				GCC_NO_COMMON_BLOCKS = YES;
				GCC_WARN_64_TO_32_BIT_CONVERSION = YES;
				GCC_WARN_ABOUT_RETURN_TYPE = YES_ERROR;
				GCC_WARN_UNDECLARED_SELECTOR = YES;
				GCC_WARN_UNINITIALIZED_AUTOS = YES_AGGRESSIVE;
				GCC_WARN_UNUSED_FUNCTION = YES;
				GCC_WARN_UNUSED_VARIABLE = YES;
				LOCALIZATION_PREFERS_STRING_CATALOGS = YES;
				MACOSX_DEPLOYMENT_TARGET = 15.7;
				MTL_ENABLE_DEBUG_INFO = NO;
				MTL_FAST_MATH = YES;
				SDKROOT = macosx;
				SWIFT_COMPILATION_MODE = wholemodule;
			};
			name = Release;
		};
		630CC3582FB4A4E60056D9FA /* Debug */ = {
			isa = XCBuildConfiguration;
			buildSettings = {
				ASSETCATALOG_COMPILER_APPICON_NAME = AppIcon;
				ASSETCATALOG_COMPILER_GLOBAL_ACCENT_COLOR_NAME = AccentColor;
				CODE_SIGN_ENTITLEMENTS = Voxa/Voxa.entitlements;
				CODE_SIGN_STYLE = Automatic;
				COMBINE_HIDPI_IMAGES = YES;
				CURRENT_PROJECT_VERSION = 1;
				DEVELOPMENT_TEAM = QY62MB82LM;
				ENABLE_APP_SANDBOX = NO;
				ENABLE_HARDENED_RUNTIME = YES;
				ENABLE_PREVIEWS = YES;
				GENERATE_INFOPLIST_FILE = YES;
				INFOPLIST_FILE = VoxaAppInfo.plist;
				INFOPLIST_KEY_NSAccessibilityUsageDescription = "Voxa uses Accessibility to press FaceTime keypad buttons when you send DTMF tones during a call.";
				INFOPLIST_KEY_NSAudioCaptureUsageDescription = "Voxa captures system audio output to show levels while a supported call app is using the microphone.";
				INFOPLIST_KEY_NSHumanReadableCopyright = "";
				INFOPLIST_KEY_NSMicrophoneUsageDescription = "Voxa uses the microphone permission together with system audio capture to detect when call apps are active and visualize audio.";
				INFOPLIST_KEY_NSSpeechRecognitionUsageDescription = "Voxa transcribes call audio on device so you can read the conversation as it happens.";
				LD_RUNPATH_SEARCH_PATHS = (
					"$(inherited)",
					"@executable_path/../Frameworks",
				);
				MARKETING_VERSION = 1.0;
				PRODUCT_BUNDLE_IDENTIFIER = com.aurigin.test.Voxa;
				PRODUCT_NAME = "$(TARGET_NAME)";
				REGISTER_APP_GROUPS = YES;
				STRING_CATALOG_GENERATE_SYMBOLS = YES;
				SWIFT_APPROACHABLE_CONCURRENCY = YES;
				SWIFT_DEFAULT_ACTOR_ISOLATION = MainActor;
				SWIFT_EMIT_LOC_STRINGS = YES;
				SWIFT_UPCOMING_FEATURE_MEMBER_IMPORT_VISIBILITY = YES;
				SWIFT_VERSION = 5.0;
			};
			name = Debug;
		};
		630CC3592FB4A4E60056D9FA /* Release */ = {
			isa = XCBuildConfiguration;
			buildSettings = {
				ASSETCATALOG_COMPILER_APPICON_NAME = AppIcon;
				ASSETCATALOG_COMPILER_GLOBAL_ACCENT_COLOR_NAME = AccentColor;
				CODE_SIGN_ENTITLEMENTS = Voxa/Voxa.entitlements;
				CODE_SIGN_STYLE = Automatic;
				COMBINE_HIDPI_IMAGES = YES;
				CURRENT_PROJECT_VERSION = 1;
				DEVELOPMENT_TEAM = QY62MB82LM;
				ENABLE_APP_SANDBOX = NO;
				ENABLE_HARDENED_RUNTIME = YES;
				ENABLE_PREVIEWS = YES;
				GENERATE_INFOPLIST_FILE = YES;
				INFOPLIST_FILE = VoxaAppInfo.plist;
				INFOPLIST_KEY_NSAccessibilityUsageDescription = "Voxa uses Accessibility to press FaceTime keypad buttons when you send DTMF tones during a call.";
				INFOPLIST_KEY_NSAudioCaptureUsageDescription = "Voxa captures system audio output to show levels while a supported call app is using the microphone.";
				INFOPLIST_KEY_NSHumanReadableCopyright = "";
				INFOPLIST_KEY_NSMicrophoneUsageDescription = "Voxa uses the microphone permission together with system audio capture to detect when call apps are active and visualize audio.";
				INFOPLIST_KEY_NSSpeechRecognitionUsageDescription = "Voxa transcribes call audio on device so you can read the conversation as it happens.";
				LD_RUNPATH_SEARCH_PATHS = (
					"$(inherited)",
					"@executable_path/../Frameworks",
				);
				MARKETING_VERSION = 1.0;
				PRODUCT_BUNDLE_IDENTIFIER = com.aurigin.test.Voxa;
				PRODUCT_NAME = "$(TARGET_NAME)";
				REGISTER_APP_GROUPS = YES;
				STRING_CATALOG_GENERATE_SYMBOLS = YES;
				SWIFT_APPROACHABLE_CONCURRENCY = YES;
				SWIFT_DEFAULT_ACTOR_ISOLATION = MainActor;
				SWIFT_EMIT_LOC_STRINGS = YES;
				SWIFT_UPCOMING_FEATURE_MEMBER_IMPORT_VISIBILITY = YES;
				SWIFT_VERSION = 5.0;
			};
			name = Release;
		};
		630CC3732FB4A50F0056D9FA /* Debug */ = {
			isa = XCBuildConfiguration;
			buildSettings = {
				BUILD_LIBRARY_FOR_DISTRIBUTION = YES;
				CODE_SIGN_STYLE = Automatic;
				COMBINE_HIDPI_IMAGES = YES;
				CURRENT_PROJECT_VERSION = 1;
				DEVELOPMENT_TEAM = QY62MB82LM;
				DYLIB_COMPATIBILITY_VERSION = 1;
				DYLIB_CURRENT_VERSION = 1;
				DYLIB_INSTALL_NAME_BASE = "@rpath";
				ENABLE_MODULE_VERIFIER = YES;
				GENERATE_INFOPLIST_FILE = YES;
				INFOPLIST_KEY_NSHumanReadableCopyright = "";
				INSTALL_PATH = "$(LOCAL_LIBRARY_DIR)/Frameworks";
				LD_RUNPATH_SEARCH_PATHS = (
					"$(inherited)",
					"@executable_path/../Frameworks",
					"@loader_path/Frameworks",
				);
				MARKETING_VERSION = 1.0;
				MODULE_VERIFIER_SUPPORTED_LANGUAGES = "objective-c objective-c++";
				MODULE_VERIFIER_SUPPORTED_LANGUAGE_STANDARDS = "gnu17 gnu++20";
				PRODUCT_BUNDLE_IDENTIFIER = com.aurigin.test.sdk.VoxaSDK;
				PRODUCT_NAME = "$(TARGET_NAME:c99extidentifier)";
				SKIP_INSTALL = YES;
				STRING_CATALOG_GENERATE_SYMBOLS = YES;
				SWIFT_APPROACHABLE_CONCURRENCY = YES;
				SWIFT_EMIT_LOC_STRINGS = YES;
				SWIFT_INSTALL_MODULE = YES;
				SWIFT_INSTALL_OBJC_HEADER = NO;
				SWIFT_UPCOMING_FEATURE_MEMBER_IMPORT_VISIBILITY = YES;
				SWIFT_VERSION = 5.0;
				VERSIONING_SYSTEM = "apple-generic";
				VERSION_INFO_PREFIX = "";
			};
			name = Debug;
		};
		630CC3742FB4A50F0056D9FA /* Release */ = {
			isa = XCBuildConfiguration;
			buildSettings = {
				BUILD_LIBRARY_FOR_DISTRIBUTION = YES;
				CODE_SIGN_STYLE = Automatic;
				COMBINE_HIDPI_IMAGES = YES;
				CURRENT_PROJECT_VERSION = 1;
				DEVELOPMENT_TEAM = QY62MB82LM;
				DYLIB_COMPATIBILITY_VERSION = 1;
				DYLIB_CURRENT_VERSION = 1;
				DYLIB_INSTALL_NAME_BASE = "@rpath";
				ENABLE_MODULE_VERIFIER = YES;
				GENERATE_INFOPLIST_FILE = YES;
				INFOPLIST_KEY_NSHumanReadableCopyright = "";
				INSTALL_PATH = "$(LOCAL_LIBRARY_DIR)/Frameworks";
				LD_RUNPATH_SEARCH_PATHS = (
					"$(inherited)",
					"@executable_path/../Frameworks",
					"@loader_path/Frameworks",
				);
				MARKETING_VERSION = 1.0;
				MODULE_VERIFIER_SUPPORTED_LANGUAGES = "objective-c objective-c++";
				MODULE_VERIFIER_SUPPORTED_LANGUAGE_STANDARDS = "gnu17 gnu++20";
				PRODUCT_BUNDLE_IDENTIFIER = com.aurigin.test.sdk.VoxaSDK;
				PRODUCT_NAME = "$(TARGET_NAME:c99extidentifier)";
				SKIP_INSTALL = YES;
				STRING_CATALOG_GENERATE_SYMBOLS = YES;
				SWIFT_APPROACHABLE_CONCURRENCY = YES;
				SWIFT_EMIT_LOC_STRINGS = YES;
				SWIFT_INSTALL_MODULE = YES;
				SWIFT_INSTALL_OBJC_HEADER = NO;
				SWIFT_UPCOMING_FEATURE_MEMBER_IMPORT_VISIBILITY = YES;
				SWIFT_VERSION = 5.0;
				VERSIONING_SYSTEM = "apple-generic";
				VERSION_INFO_PREFIX = "";
			};
			name = Release;
		};
		630CC3D82FB4A5670056D9FA /* Debug */ = {
			isa = XCBuildConfiguration;
			buildSettings = {
				CODE_SIGN_STYLE = Automatic;
				DEVELOPMENT_TEAM = QY62MB82LM;
				ENABLE_USER_SCRIPT_SANDBOXING = NO;
				PRODUCT_NAME = "$(TARGET_NAME)";
			};
			name = Debug;
		};
		630CC3D92FB4A5670056D9FA /* Release */ = {
			isa = XCBuildConfiguration;
			buildSettings = {
				CODE_SIGN_STYLE = Automatic;
				DEVELOPMENT_TEAM = QY62MB82LM;
				ENABLE_USER_SCRIPT_SANDBOXING = NO;
				PRODUCT_NAME = "$(TARGET_NAME)";
			};
			name = Release;
		};
/* End XCBuildConfiguration section */

/* Begin XCConfigurationList section */
		630CC3422FB4A4E50056D9FA /* Build configuration list for PBXProject "Voxa" */ = {
			isa = XCConfigurationList;
			buildConfigurations = (
				630CC3552FB4A4E60056D9FA /* Debug */,
				630CC3562FB4A4E60056D9FA /* Release */,
			);
			defaultConfigurationIsVisible = 0;
			defaultConfigurationName = Release;
		};
		630CC3572FB4A4E60056D9FA /* Build configuration list for PBXNativeTarget "Voxa" */ = {
			isa = XCConfigurationList;
			buildConfigurations = (
				630CC3582FB4A4E60056D9FA /* Debug */,
				630CC3592FB4A4E60056D9FA /* Release */,
			);
			defaultConfigurationIsVisible = 0;
			defaultConfigurationName = Release;
		};
		630CC3752FB4A50F0056D9FA /* Build configuration list for PBXNativeTarget "VoxaSDK" */ = {
			isa = XCConfigurationList;
			buildConfigurations = (
				630CC3732FB4A50F0056D9FA /* Debug */,
				630CC3742FB4A50F0056D9FA /* Release */,
			);
			defaultConfigurationIsVisible = 0;
			defaultConfigurationName = Release;
		};
		630CC3D72FB4A5670056D9FA /* Build configuration list for PBXAggregateTarget "VoxaXCFramework" */ = {
			isa = XCConfigurationList;
			buildConfigurations = (
				630CC3D82FB4A5670056D9FA /* Debug */,
				630CC3D92FB4A5670056D9FA /* Release */,
			);
			defaultConfigurationIsVisible = 0;
			defaultConfigurationName = Release;
		};
/* End XCConfigurationList section */
	};
	rootObject = 630CC33F2FB4A4E50056D9FA /* Project object */;
}
